
Microsoft Visual Studio Solution File, Format Version 12.00
# Visual Studio Version 17
VisualStudioVersion = 17.2.32630.192
MinimumVisualStudioVersion = 10.0.40219.1
Project("{FAE04EC0-301F-11D3-BF4B-00C04F79EFBC}") = "ex3", "ex3\ex3.csproj", "{95D4B7CD-786F-4BCE-B328-B2D4B3D7D4D1}"
EndProject
Global
	GlobalSection(SolutionConfigurationPlatforms) = preSolution
		Debug|Any CPU = Debug|Any CPU
		Release|Any CPU = Release|Any CPU
	EndGlobalSection
	GlobalSection(ProjectConfigurationPlatforms) = postSolution
		{95D4B7CD-786F-4BCE-B328-B2D4B3D7D4D1}.Debug|Any CPU.ActiveCfg = Debug|Any CPU
		{95D4B7CD-786F-4BCE-B328-B2D4B3D7D4D1}.Debug|Any CPU.Build.0 = Debug|Any CPU
		{95D4B7CD-786F-4BCE-B328-B2D4B3D7D4D1}.Release|Any CPU.ActiveCfg = Release|Any CPU
		{95D4B7CD-786F-4BCE-B328-B2D4B3D7D4D1}.Release|Any CPU.Build.0 = Release|Any CPU
	EndGlobalSection
	GlobalSection(SolutionProperties) = preSolution
		HideSolutionNode = FALSE
	EndGlobalSection
	GlobalSection(ExtensibilityGlobals) = postSolution
		SolutionGuid = {8199C27B-0236-4A06-AA37-1E24ACBBC067}
	EndGlobalSection
EndGlobal
